PODS:
  - Alamofire (4.4.0)
  - KeychainAccess (3.0.1)

DEPENDENCIES:
  - Alamofire (~> 4.4)
  - KeychainAccess

SPEC CHECKSUMS:
  Alamofire: dc44b1600b800eb63da6a19039a0083d62a6a62d
  KeychainAccess: 017ea25e313a49eda10bb19b0bb0760fb1edfe1a

PODFILE CHECKSUM: ee2ae710946fd6c59787409b08bbe7e36bd4db2d

COCOAPODS: 1.1.1
